
Microsoft Visual Studio Solution File, Format Version 12.00
# Visual Studio Version 17
VisualStudioVersion = 17.7.34031.279
MinimumVisualStudioVersion = 10.0.40219.1
Project("{2150E333-8FDC-42A3-9474-1A3956D46DE8}") = "src", "src", "{BD87271B-F922-4BE6-86B1-E8AA7892CCA9}"
EndProject
Project("{2150E333-8FDC-42A3-9474-1A3956D46DE8}") = "test", "test", "{F126F108-75DA-4501-B534-9A9C4BC88854}"
EndProject
Project("{2150E333-8FDC-42A3-9474-1A3956D46DE8}") = "api", "api", "{1F63171F-1AB8-4246-BEEC-909369FBF8DB}"
EndProject
Project("{2150E333-8FDC-42A3-9474-1A3956D46DE8}") = "common", "common", "{2D3BD563-B7C3-4E16-8A0C-5D761C9D8DBB}"
EndProject
Project("{2150E333-8FDC-42A3-9474-1A3956D46DE8}") = "services", "services", "{BD50EF2C-1AE3-4AB7-9260-714804CBC189}"
EndProject
Project("{9A19103F-16F7-4668-BE54-9A1E7A4F7556}") = "AdventureWorks.Common", "src\common\AdventureWorks.Common\AdventureWorks.Common.csproj", "{DC4A5282-F84C-407D-BB6E-8795C06E6DAB}"
EndProject
Project("{9A19103F-16F7-4668-BE54-9A1E7A4F7556}") = "AdventureWorks.Messaging", "src\common\AdventureWorks.Messaging\AdventureWorks.Messaging.csproj", "{2A567850-9977-457E-ADF0-CD0099B90678}"
EndProject
Project("{9A19103F-16F7-4668-BE54-9A1E7A4F7556}") = "AdventureWorks.Contracts", "src\common\AdventureWorks.Contracts\AdventureWorks.Contracts.csproj", "{AA65B9F6-28DF-46D3-8C61-2A3D5273C5BC}"
EndProject
Project("{9A19103F-16F7-4668-BE54-9A1E7A4F7556}") = "AdventureWorks.Middlewares", "src\common\AdventureWorks.Middlewares\AdventureWorks.Middlewares.csproj", "{EE5B8F6F-DF90-43C3-A865-96FED8947AD1}"
EndProject
Project("{2150E333-8FDC-42A3-9474-1A3956D46DE8}") = "identity", "identity", "{62182003-230C-4197-94EB-B96F1E72F3A5}"
EndProject
Project("{9A19103F-16F7-4668-BE54-9A1E7A4F7556}") = "AdventureWorks.Identity.Domain", "src\services\identity\AdventureWorks.Identity.Domain\AdventureWorks.Identity.Domain.csproj", "{A04651A1-BD4F-43D5-9DEF-BD8819EB152E}"
EndProject
Project("{9A19103F-16F7-4668-BE54-9A1E7A4F7556}") = "AdventureWorks.Identity.Infrastructure", "src\services\identity\AdventureWorks.Identity.Infrastructure\AdventureWorks.Identity.Infrastructure.csproj", "{2097D776-3D42-4F4F-876C-7D90BF9D80E3}"
EndProject
Project("{9A19103F-16F7-4668-BE54-9A1E7A4F7556}") = "AdventureWorks.Identity.Application", "src\services\identity\AdventureWorks.Identity.Application\AdventureWorks.Identity.Application.csproj", "{40F60952-C450-4AF4-B5CA-6159A40AFAE5}"
EndProject
Project("{2150E333-8FDC-42A3-9474-1A3956D46DE8}") = "sales", "sales", "{0291AAA1-93E7-4CD5-8925-1F15B4EC5CA8}"
EndProject
Project("{9A19103F-16F7-4668-BE54-9A1E7A4F7556}") = "AdventureWorks.Sales.Domain", "src\services\sales\AdventureWorks.Sales.Domain\AdventureWorks.Sales.Domain.csproj", "{908664A4-FC93-4E66-9431-E058AB79CD5B}"
EndProject
Project("{9A19103F-16F7-4668-BE54-9A1E7A4F7556}") = "AdventureWorks.Sales.Infrastructure", "src\services\sales\AdventureWorks.Sales.Infrastructure\AdventureWorks.Sales.Infrastructure.csproj", "{E96DD934-207D-4BEF-8C75-65683469CA14}"
EndProject
Project("{9A19103F-16F7-4668-BE54-9A1E7A4F7556}") = "AdventureWorks.Sales.Customers", "src\services\sales\AdventureWorks.Sales.Customers\AdventureWorks.Sales.Customers.csproj", "{6D73B7C0-F13B-4AD9-9A4E-A29400ED48D2}"
EndProject
Project("{2150E333-8FDC-42A3-9474-1A3956D46DE8}") = "features", "features", "{583F4849-EA86-4927-89DF-B5EF6F225F8A}"
EndProject
Project("{9A19103F-16F7-4668-BE54-9A1E7A4F7556}") = "AdventureWorks.Sales.Api", "src\api\sales\AdventureWorks.Sales.Api\AdventureWorks.Sales.Api.csproj", "{7D33AA87-27A7-4404-93CB-8350E1877DBA}"
EndProject
Project("{2150E333-8FDC-42A3-9474-1A3956D46DE8}") = "sales", "sales", "{BAE3D50F-631E-4A5C-B91C-DB7B0AFD6177}"
EndProject
Project("{2150E333-8FDC-42A3-9474-1A3956D46DE8}") = "gateway", "gateway", "{E0F62A6E-996C-4049-A146-E8CE6A89A0D3}"
EndProject
Project("{2150E333-8FDC-42A3-9474-1A3956D46DE8}") = "identity", "identity", "{C1D08EB3-5E31-48A6-92A1-BF8B773B897B}"
EndProject
Project("{2150E333-8FDC-42A3-9474-1A3956D46DE8}") = "jobs", "jobs", "{417BEDBB-925B-43AF-BC4C-55B388F656D4}"
EndProject
Project("{E53339B2-1760-4266-BCC7-CA923CBCF16C}") = "docker-compose", "docker-compose.dcproj", "{7B94C831-FB8B-4F08-8C4D-DF40DA27BE37}"
EndProject
Project("{FAE04EC0-301F-11D3-BF4B-00C04F79EFBC}") = "AdventureWorks.Gateway.Api", "src\api\gateway\AdventureWorks.Gateway.Api\AdventureWorks.Gateway.Api.csproj", "{BB1323A6-ACE4-4E5C-8C24-F53ECB92E036}"
EndProject
Project("{FAE04EC0-301F-11D3-BF4B-00C04F79EFBC}") = "AdventureWorks.Identity.Api", "src\api\identity\AdventureWorks.Identity.Api\AdventureWorks.Identity.Api.csproj", "{182E7142-D7EE-4D83-8F7D-ECB772641F7E}"
EndProject
Project("{FAE04EC0-301F-11D3-BF4B-00C04F79EFBC}") = "AdventureWorks.Jobs.Api", "src\api\jobs\AdventureWorks.Jobs.Api\AdventureWorks.Jobs.Api.csproj", "{B24EF9FF-9EE6-42A6-BF58-CB57343F5912}"
EndProject
Global
	GlobalSection(SolutionConfigurationPlatforms) = preSolution
		Debug|Any CPU = Debug|Any CPU
		Release|Any CPU = Release|Any CPU
	EndGlobalSection
	GlobalSection(ProjectConfigurationPlatforms) = postSolution
		{DC4A5282-F84C-407D-BB6E-8795C06E6DAB}.Debug|Any CPU.ActiveCfg = Debug|Any CPU
		{DC4A5282-F84C-407D-BB6E-8795C06E6DAB}.Debug|Any CPU.Build.0 = Debug|Any CPU
		{DC4A5282-F84C-407D-BB6E-8795C06E6DAB}.Release|Any CPU.ActiveCfg = Release|Any CPU
		{DC4A5282-F84C-407D-BB6E-8795C06E6DAB}.Release|Any CPU.Build.0 = Release|Any CPU
		{2A567850-9977-457E-ADF0-CD0099B90678}.Debug|Any CPU.ActiveCfg = Debug|Any CPU
		{2A567850-9977-457E-ADF0-CD0099B90678}.Debug|Any CPU.Build.0 = Debug|Any CPU
		{2A567850-9977-457E-ADF0-CD0099B90678}.Release|Any CPU.ActiveCfg = Release|Any CPU
		{2A567850-9977-457E-ADF0-CD0099B90678}.Release|Any CPU.Build.0 = Release|Any CPU
		{AA65B9F6-28DF-46D3-8C61-2A3D5273C5BC}.Debug|Any CPU.ActiveCfg = Debug|Any CPU
		{AA65B9F6-28DF-46D3-8C61-2A3D5273C5BC}.Debug|Any CPU.Build.0 = Debug|Any CPU
		{AA65B9F6-28DF-46D3-8C61-2A3D5273C5BC}.Release|Any CPU.ActiveCfg = Release|Any CPU
		{AA65B9F6-28DF-46D3-8C61-2A3D5273C5BC}.Release|Any CPU.Build.0 = Release|Any CPU
		{EE5B8F6F-DF90-43C3-A865-96FED8947AD1}.Debug|Any CPU.ActiveCfg = Debug|Any CPU
		{EE5B8F6F-DF90-43C3-A865-96FED8947AD1}.Debug|Any CPU.Build.0 = Debug|Any CPU
		{EE5B8F6F-DF90-43C3-A865-96FED8947AD1}.Release|Any CPU.ActiveCfg = Release|Any CPU
		{EE5B8F6F-DF90-43C3-A865-96FED8947AD1}.Release|Any CPU.Build.0 = Release|Any CPU
		{A04651A1-BD4F-43D5-9DEF-BD8819EB152E}.Debug|Any CPU.ActiveCfg = Debug|Any CPU
		{A04651A1-BD4F-43D5-9DEF-BD8819EB152E}.Debug|Any CPU.Build.0 = Debug|Any CPU
		{A04651A1-BD4F-43D5-9DEF-BD8819EB152E}.Release|Any CPU.ActiveCfg = Release|Any CPU
		{A04651A1-BD4F-43D5-9DEF-BD8819EB152E}.Release|Any CPU.Build.0 = Release|Any CPU
		{2097D776-3D42-4F4F-876C-7D90BF9D80E3}.Debug|Any CPU.ActiveCfg = Debug|Any CPU
		{2097D776-3D42-4F4F-876C-7D90BF9D80E3}.Debug|Any CPU.Build.0 = Debug|Any CPU
		{2097D776-3D42-4F4F-876C-7D90BF9D80E3}.Release|Any CPU.ActiveCfg = Release|Any CPU
		{2097D776-3D42-4F4F-876C-7D90BF9D80E3}.Release|Any CPU.Build.0 = Release|Any CPU
		{40F60952-C450-4AF4-B5CA-6159A40AFAE5}.Debug|Any CPU.ActiveCfg = Debug|Any CPU
		{40F60952-C450-4AF4-B5CA-6159A40AFAE5}.Debug|Any CPU.Build.0 = Debug|Any CPU
		{40F60952-C450-4AF4-B5CA-6159A40AFAE5}.Release|Any CPU.ActiveCfg = Release|Any CPU
		{40F60952-C450-4AF4-B5CA-6159A40AFAE5}.Release|Any CPU.Build.0 = Release|Any CPU
		{908664A4-FC93-4E66-9431-E058AB79CD5B}.Debug|Any CPU.ActiveCfg = Debug|Any CPU
		{908664A4-FC93-4E66-9431-E058AB79CD5B}.Debug|Any CPU.Build.0 = Debug|Any CPU
		{908664A4-FC93-4E66-9431-E058AB79CD5B}.Release|Any CPU.ActiveCfg = Release|Any CPU
		{908664A4-FC93-4E66-9431-E058AB79CD5B}.Release|Any CPU.Build.0 = Release|Any CPU
		{E96DD934-207D-4BEF-8C75-65683469CA14}.Debug|Any CPU.ActiveCfg = Debug|Any CPU
		{E96DD934-207D-4BEF-8C75-65683469CA14}.Debug|Any CPU.Build.0 = Debug|Any CPU
		{E96DD934-207D-4BEF-8C75-65683469CA14}.Release|Any CPU.ActiveCfg = Release|Any CPU
		{E96DD934-207D-4BEF-8C75-65683469CA14}.Release|Any CPU.Build.0 = Release|Any CPU
		{6D73B7C0-F13B-4AD9-9A4E-A29400ED48D2}.Debug|Any CPU.ActiveCfg = Debug|Any CPU
		{6D73B7C0-F13B-4AD9-9A4E-A29400ED48D2}.Debug|Any CPU.Build.0 = Debug|Any CPU
		{6D73B7C0-F13B-4AD9-9A4E-A29400ED48D2}.Release|Any CPU.ActiveCfg = Release|Any CPU
		{6D73B7C0-F13B-4AD9-9A4E-A29400ED48D2}.Release|Any CPU.Build.0 = Release|Any CPU
		{7D33AA87-27A7-4404-93CB-8350E1877DBA}.Debug|Any CPU.ActiveCfg = Debug|Any CPU
		{7D33AA87-27A7-4404-93CB-8350E1877DBA}.Debug|Any CPU.Build.0 = Debug|Any CPU
		{7D33AA87-27A7-4404-93CB-8350E1877DBA}.Release|Any CPU.ActiveCfg = Release|Any CPU
		{7D33AA87-27A7-4404-93CB-8350E1877DBA}.Release|Any CPU.Build.0 = Release|Any CPU
		{7B94C831-FB8B-4F08-8C4D-DF40DA27BE37}.Debug|Any CPU.ActiveCfg = Debug|Any CPU
		{7B94C831-FB8B-4F08-8C4D-DF40DA27BE37}.Debug|Any CPU.Build.0 = Debug|Any CPU
		{7B94C831-FB8B-4F08-8C4D-DF40DA27BE37}.Release|Any CPU.ActiveCfg = Release|Any CPU
		{7B94C831-FB8B-4F08-8C4D-DF40DA27BE37}.Release|Any CPU.Build.0 = Release|Any CPU
		{BB1323A6-ACE4-4E5C-8C24-F53ECB92E036}.Debug|Any CPU.ActiveCfg = Debug|Any CPU
		{BB1323A6-ACE4-4E5C-8C24-F53ECB92E036}.Debug|Any CPU.Build.0 = Debug|Any CPU
		{BB1323A6-ACE4-4E5C-8C24-F53ECB92E036}.Release|Any CPU.ActiveCfg = Release|Any CPU
		{BB1323A6-ACE4-4E5C-8C24-F53ECB92E036}.Release|Any CPU.Build.0 = Release|Any CPU
		{182E7142-D7EE-4D83-8F7D-ECB772641F7E}.Debug|Any CPU.ActiveCfg = Debug|Any CPU
		{182E7142-D7EE-4D83-8F7D-ECB772641F7E}.Debug|Any CPU.Build.0 = Debug|Any CPU
		{182E7142-D7EE-4D83-8F7D-ECB772641F7E}.Release|Any CPU.ActiveCfg = Release|Any CPU
		{182E7142-D7EE-4D83-8F7D-ECB772641F7E}.Release|Any CPU.Build.0 = Release|Any CPU
		{B24EF9FF-9EE6-42A6-BF58-CB57343F5912}.Debug|Any CPU.ActiveCfg = Debug|Any CPU
		{B24EF9FF-9EE6-42A6-BF58-CB57343F5912}.Debug|Any CPU.Build.0 = Debug|Any CPU
		{B24EF9FF-9EE6-42A6-BF58-CB57343F5912}.Release|Any CPU.ActiveCfg = Release|Any CPU
		{B24EF9FF-9EE6-42A6-BF58-CB57343F5912}.Release|Any CPU.Build.0 = Release|Any CPU
	EndGlobalSection
	GlobalSection(SolutionProperties) = preSolution
		HideSolutionNode = FALSE
	EndGlobalSection
	GlobalSection(NestedProjects) = preSolution
		{1F63171F-1AB8-4246-BEEC-909369FBF8DB} = {BD87271B-F922-4BE6-86B1-E8AA7892CCA9}
		{2D3BD563-B7C3-4E16-8A0C-5D761C9D8DBB} = {BD87271B-F922-4BE6-86B1-E8AA7892CCA9}
		{BD50EF2C-1AE3-4AB7-9260-714804CBC189} = {BD87271B-F922-4BE6-86B1-E8AA7892CCA9}
		{DC4A5282-F84C-407D-BB6E-8795C06E6DAB} = {2D3BD563-B7C3-4E16-8A0C-5D761C9D8DBB}
		{2A567850-9977-457E-ADF0-CD0099B90678} = {2D3BD563-B7C3-4E16-8A0C-5D761C9D8DBB}
		{AA65B9F6-28DF-46D3-8C61-2A3D5273C5BC} = {2D3BD563-B7C3-4E16-8A0C-5D761C9D8DBB}
		{EE5B8F6F-DF90-43C3-A865-96FED8947AD1} = {2D3BD563-B7C3-4E16-8A0C-5D761C9D8DBB}
		{62182003-230C-4197-94EB-B96F1E72F3A5} = {BD50EF2C-1AE3-4AB7-9260-714804CBC189}
		{A04651A1-BD4F-43D5-9DEF-BD8819EB152E} = {62182003-230C-4197-94EB-B96F1E72F3A5}
		{2097D776-3D42-4F4F-876C-7D90BF9D80E3} = {62182003-230C-4197-94EB-B96F1E72F3A5}
		{40F60952-C450-4AF4-B5CA-6159A40AFAE5} = {62182003-230C-4197-94EB-B96F1E72F3A5}
		{0291AAA1-93E7-4CD5-8925-1F15B4EC5CA8} = {BD50EF2C-1AE3-4AB7-9260-714804CBC189}
		{908664A4-FC93-4E66-9431-E058AB79CD5B} = {0291AAA1-93E7-4CD5-8925-1F15B4EC5CA8}
		{E96DD934-207D-4BEF-8C75-65683469CA14} = {0291AAA1-93E7-4CD5-8925-1F15B4EC5CA8}
		{6D73B7C0-F13B-4AD9-9A4E-A29400ED48D2} = {583F4849-EA86-4927-89DF-B5EF6F225F8A}
		{583F4849-EA86-4927-89DF-B5EF6F225F8A} = {0291AAA1-93E7-4CD5-8925-1F15B4EC5CA8}
		{7D33AA87-27A7-4404-93CB-8350E1877DBA} = {BAE3D50F-631E-4A5C-B91C-DB7B0AFD6177}
		{BAE3D50F-631E-4A5C-B91C-DB7B0AFD6177} = {1F63171F-1AB8-4246-BEEC-909369FBF8DB}
		{E0F62A6E-996C-4049-A146-E8CE6A89A0D3} = {1F63171F-1AB8-4246-BEEC-909369FBF8DB}
		{C1D08EB3-5E31-48A6-92A1-BF8B773B897B} = {1F63171F-1AB8-4246-BEEC-909369FBF8DB}
		{417BEDBB-925B-43AF-BC4C-55B388F656D4} = {1F63171F-1AB8-4246-BEEC-909369FBF8DB}
		{BB1323A6-ACE4-4E5C-8C24-F53ECB92E036} = {E0F62A6E-996C-4049-A146-E8CE6A89A0D3}
		{182E7142-D7EE-4D83-8F7D-ECB772641F7E} = {C1D08EB3-5E31-48A6-92A1-BF8B773B897B}
		{B24EF9FF-9EE6-42A6-BF58-CB57343F5912} = {417BEDBB-925B-43AF-BC4C-55B388F656D4}
	EndGlobalSection
	GlobalSection(ExtensibilityGlobals) = postSolution
		SolutionGuid = {0C7B6D2C-D916-45B4-B326-5E62AB5F233D}
	EndGlobalSection
EndGlobal
