
Microsoft Visual Studio Solution File, Format Version 12.00
# Visual Studio Version 17
VisualStudioVersion = 17.7.34031.279
MinimumVisualStudioVersion = 10.0.40219.1
Project("{2150E333-8FDC-42A3-9474-1A3956D46DE8}") = "src", "src", "{A78A2CCB-F8FE-46AC-A31C-B38725136BCF}"
EndProject
Project("{2150E333-8FDC-42A3-9474-1A3956D46DE8}") = "services", "services", "{806E2A6D-B00C-4AFB-9671-F96D6848FB83}"
EndProject
Project("{2150E333-8FDC-42A3-9474-1A3956D46DE8}") = "api", "api", "{7104D51E-95FB-4799-B5E2-D0587EC3E485}"
EndProject
Project("{2150E333-8FDC-42A3-9474-1A3956D46DE8}") = "common", "common", "{26ED7CD2-D784-4B62-9E5E-0EE7227C7BA3}"
EndProject
Project("{9A19103F-16F7-4668-BE54-9A1E7A4F7556}") = "AdventureWorks.Common", "src\common\AdventureWorks.Common\AdventureWorks.Common.csproj", "{AE53B1BA-05C7-4BD0-BE9C-321CDA4E516D}"
EndProject
Project("{9A19103F-16F7-4668-BE54-9A1E7A4F7556}") = "AdventureWorks.Contracts", "src\common\AdventureWorks.Contracts\AdventureWorks.Contracts.csproj", "{1D9AAA36-37E3-4408-8515-E1FB0ABC502A}"
EndProject
Project("{9A19103F-16F7-4668-BE54-9A1E7A4F7556}") = "AdventureWorks.Messaging", "src\common\AdventureWorks.Messaging\AdventureWorks.Messaging.csproj", "{90953447-47BC-4600-B637-1CCC869EEFE3}"
EndProject
Project("{9A19103F-16F7-4668-BE54-9A1E7A4F7556}") = "AdventureWorks.Middlewares", "src\common\AdventureWorks.Middlewares\AdventureWorks.Middlewares.csproj", "{06A8A7C2-537D-4124-9273-F25A44072DEC}"
EndProject
Project("{2150E333-8FDC-42A3-9474-1A3956D46DE8}") = "identity", "identity", "{294D74F9-969E-4B3E-B8D2-CA3FB9DCFA04}"
EndProject
Project("{9A19103F-16F7-4668-BE54-9A1E7A4F7556}") = "AdventureWorks.Identity.Domain", "src\services\identity\AdventureWorks.Identity.Domain\AdventureWorks.Identity.Domain.csproj", "{8C6706AC-1406-45A3-BF64-B6B3D1BB29BD}"
EndProject
Project("{9A19103F-16F7-4668-BE54-9A1E7A4F7556}") = "AdventureWorks.Identity.Infrastructure", "src\services\identity\AdventureWorks.Identity.Infrastructure\AdventureWorks.Identity.Infrastructure.csproj", "{649F1F57-0DD7-40E9-8D1C-3236BE1C1117}"
EndProject
Project("{9A19103F-16F7-4668-BE54-9A1E7A4F7556}") = "AdventureWorks.Identity.Application", "src\services\identity\AdventureWorks.Identity.Application\AdventureWorks.Identity.Application.csproj", "{0D25DAA2-4B4B-4ECD-B9E4-9A189F15A1BC}"
EndProject
Project("{2150E333-8FDC-42A3-9474-1A3956D46DE8}") = "identity", "identity", "{197D9BF0-7444-4FC4-9CCE-3F8FAFA2539D}"
EndProject
Project("{9A19103F-16F7-4668-BE54-9A1E7A4F7556}") = "AdventureWorks.Identity.Api", "src\api\identity\AdventureWorks.Identity.Api\AdventureWorks.Identity.Api.csproj", "{5E1900EE-3D90-4B15-B202-83AEF527575A}"
EndProject
Project("{2150E333-8FDC-42A3-9474-1A3956D46DE8}") = "sales", "sales", "{2513739F-F562-4578-AF20-01D071EFD77B}"
EndProject
Project("{9A19103F-16F7-4668-BE54-9A1E7A4F7556}") = "AdventureWorks.Sales.Domain", "src\services\sales\AdventureWorks.Sales.Domain\AdventureWorks.Sales.Domain.csproj", "{DEC31A34-5BB6-41B5-B876-1A5B9553B2C0}"
EndProject
Project("{9A19103F-16F7-4668-BE54-9A1E7A4F7556}") = "AdventureWorks.Sales.Infrastructure", "src\services\sales\AdventureWorks.Sales.Infrastructure\AdventureWorks.Sales.Infrastructure.csproj", "{8D5E2C21-BFCA-40DB-9B32-BCAC3D788471}"
EndProject
Project("{9A19103F-16F7-4668-BE54-9A1E7A4F7556}") = "AdventureWorks.Sales.Customers", "src\services\sales\AdventureWorks.Sales.Customer\AdventureWorks.Sales.Customers.csproj", "{B31D18B5-7AEA-424B-88B1-D45CBFFA4589}"
EndProject
Project("{2150E333-8FDC-42A3-9474-1A3956D46DE8}") = "sales", "sales", "{7E11AD79-E35C-44E2-B09A-B22A134E701D}"
EndProject
Project("{9A19103F-16F7-4668-BE54-9A1E7A4F7556}") = "AdventureWorks.Sales.Api", "src\api\sales\AdventureWorks.Sales.Api\AdventureWorks.Sales.Api.csproj", "{9E42DA79-55BF-46F9-A710-097BE0BC5BD9}"
EndProject
Project("{2150E333-8FDC-42A3-9474-1A3956D46DE8}") = "gateway", "gateway", "{4400A064-9771-43BC-8CC3-87F4AC3D72B2}"
EndProject
Project("{9A19103F-16F7-4668-BE54-9A1E7A4F7556}") = "AdventureWorks.Gateway.Api", "src\api\gateway\AdventureWorks.Gateway.Api\AdventureWorks.Gateway.Api.csproj", "{4E9E7A7B-45D3-4A5D-ABF0-DD698461B0C6}"
EndProject
Project("{E53339B2-1760-4266-BCC7-CA923CBCF16C}") = "docker-compose", "docker-compose.dcproj", "{1DAAB28B-F107-4933-9BCA-BFE9D34E1B93}"
EndProject
Project("{2150E333-8FDC-42A3-9474-1A3956D46DE8}") = "jobs", "jobs", "{0CF604D3-A89A-40BC-8E2E-99001AE2EBA7}"
EndProject
Project("{FAE04EC0-301F-11D3-BF4B-00C04F79EFBC}") = "AdventureWorks.Jobs.Api", "src\api\jobs\AdventureWorks.Jobs.Api\AdventureWorks.Jobs.Api.csproj", "{12C2A76A-CD4F-44FC-9A1F-99CF970D42CC}"
EndProject
Global
	GlobalSection(SolutionConfigurationPlatforms) = preSolution
		Debug|Any CPU = Debug|Any CPU
		Release|Any CPU = Release|Any CPU
	EndGlobalSection
	GlobalSection(ProjectConfigurationPlatforms) = postSolution
		{AE53B1BA-05C7-4BD0-BE9C-321CDA4E516D}.Debug|Any CPU.ActiveCfg = Debug|Any CPU
		{AE53B1BA-05C7-4BD0-BE9C-321CDA4E516D}.Debug|Any CPU.Build.0 = Debug|Any CPU
		{AE53B1BA-05C7-4BD0-BE9C-321CDA4E516D}.Release|Any CPU.ActiveCfg = Release|Any CPU
		{AE53B1BA-05C7-4BD0-BE9C-321CDA4E516D}.Release|Any CPU.Build.0 = Release|Any CPU
		{1D9AAA36-37E3-4408-8515-E1FB0ABC502A}.Debug|Any CPU.ActiveCfg = Debug|Any CPU
		{1D9AAA36-37E3-4408-8515-E1FB0ABC502A}.Debug|Any CPU.Build.0 = Debug|Any CPU
		{1D9AAA36-37E3-4408-8515-E1FB0ABC502A}.Release|Any CPU.ActiveCfg = Release|Any CPU
		{1D9AAA36-37E3-4408-8515-E1FB0ABC502A}.Release|Any CPU.Build.0 = Release|Any CPU
		{90953447-47BC-4600-B637-1CCC869EEFE3}.Debug|Any CPU.ActiveCfg = Debug|Any CPU
		{90953447-47BC-4600-B637-1CCC869EEFE3}.Debug|Any CPU.Build.0 = Debug|Any CPU
		{90953447-47BC-4600-B637-1CCC869EEFE3}.Release|Any CPU.ActiveCfg = Release|Any CPU
		{90953447-47BC-4600-B637-1CCC869EEFE3}.Release|Any CPU.Build.0 = Release|Any CPU
		{06A8A7C2-537D-4124-9273-F25A44072DEC}.Debug|Any CPU.ActiveCfg = Debug|Any CPU
		{06A8A7C2-537D-4124-9273-F25A44072DEC}.Debug|Any CPU.Build.0 = Debug|Any CPU
		{06A8A7C2-537D-4124-9273-F25A44072DEC}.Release|Any CPU.ActiveCfg = Release|Any CPU
		{06A8A7C2-537D-4124-9273-F25A44072DEC}.Release|Any CPU.Build.0 = Release|Any CPU
		{8C6706AC-1406-45A3-BF64-B6B3D1BB29BD}.Debug|Any CPU.ActiveCfg = Debug|Any CPU
		{8C6706AC-1406-45A3-BF64-B6B3D1BB29BD}.Debug|Any CPU.Build.0 = Debug|Any CPU
		{8C6706AC-1406-45A3-BF64-B6B3D1BB29BD}.Release|Any CPU.ActiveCfg = Release|Any CPU
		{8C6706AC-1406-45A3-BF64-B6B3D1BB29BD}.Release|Any CPU.Build.0 = Release|Any CPU
		{649F1F57-0DD7-40E9-8D1C-3236BE1C1117}.Debug|Any CPU.ActiveCfg = Debug|Any CPU
		{649F1F57-0DD7-40E9-8D1C-3236BE1C1117}.Debug|Any CPU.Build.0 = Debug|Any CPU
		{649F1F57-0DD7-40E9-8D1C-3236BE1C1117}.Release|Any CPU.ActiveCfg = Release|Any CPU
		{649F1F57-0DD7-40E9-8D1C-3236BE1C1117}.Release|Any CPU.Build.0 = Release|Any CPU
		{0D25DAA2-4B4B-4ECD-B9E4-9A189F15A1BC}.Debug|Any CPU.ActiveCfg = Debug|Any CPU
		{0D25DAA2-4B4B-4ECD-B9E4-9A189F15A1BC}.Debug|Any CPU.Build.0 = Debug|Any CPU
		{0D25DAA2-4B4B-4ECD-B9E4-9A189F15A1BC}.Release|Any CPU.ActiveCfg = Release|Any CPU
		{0D25DAA2-4B4B-4ECD-B9E4-9A189F15A1BC}.Release|Any CPU.Build.0 = Release|Any CPU
		{5E1900EE-3D90-4B15-B202-83AEF527575A}.Debug|Any CPU.ActiveCfg = Debug|Any CPU
		{5E1900EE-3D90-4B15-B202-83AEF527575A}.Debug|Any CPU.Build.0 = Debug|Any CPU
		{5E1900EE-3D90-4B15-B202-83AEF527575A}.Release|Any CPU.ActiveCfg = Release|Any CPU
		{5E1900EE-3D90-4B15-B202-83AEF527575A}.Release|Any CPU.Build.0 = Release|Any CPU
		{DEC31A34-5BB6-41B5-B876-1A5B9553B2C0}.Debug|Any CPU.ActiveCfg = Debug|Any CPU
		{DEC31A34-5BB6-41B5-B876-1A5B9553B2C0}.Debug|Any CPU.Build.0 = Debug|Any CPU
		{DEC31A34-5BB6-41B5-B876-1A5B9553B2C0}.Release|Any CPU.ActiveCfg = Release|Any CPU
		{DEC31A34-5BB6-41B5-B876-1A5B9553B2C0}.Release|Any CPU.Build.0 = Release|Any CPU
		{8D5E2C21-BFCA-40DB-9B32-BCAC3D788471}.Debug|Any CPU.ActiveCfg = Debug|Any CPU
		{8D5E2C21-BFCA-40DB-9B32-BCAC3D788471}.Debug|Any CPU.Build.0 = Debug|Any CPU
		{8D5E2C21-BFCA-40DB-9B32-BCAC3D788471}.Release|Any CPU.ActiveCfg = Release|Any CPU
		{8D5E2C21-BFCA-40DB-9B32-BCAC3D788471}.Release|Any CPU.Build.0 = Release|Any CPU
		{B31D18B5-7AEA-424B-88B1-D45CBFFA4589}.Debug|Any CPU.ActiveCfg = Debug|Any CPU
		{B31D18B5-7AEA-424B-88B1-D45CBFFA4589}.Debug|Any CPU.Build.0 = Debug|Any CPU
		{B31D18B5-7AEA-424B-88B1-D45CBFFA4589}.Release|Any CPU.ActiveCfg = Release|Any CPU
		{B31D18B5-7AEA-424B-88B1-D45CBFFA4589}.Release|Any CPU.Build.0 = Release|Any CPU
		{9E42DA79-55BF-46F9-A710-097BE0BC5BD9}.Debug|Any CPU.ActiveCfg = Debug|Any CPU
		{9E42DA79-55BF-46F9-A710-097BE0BC5BD9}.Debug|Any CPU.Build.0 = Debug|Any CPU
		{9E42DA79-55BF-46F9-A710-097BE0BC5BD9}.Release|Any CPU.ActiveCfg = Release|Any CPU
		{9E42DA79-55BF-46F9-A710-097BE0BC5BD9}.Release|Any CPU.Build.0 = Release|Any CPU
		{4E9E7A7B-45D3-4A5D-ABF0-DD698461B0C6}.Debug|Any CPU.ActiveCfg = Debug|Any CPU
		{4E9E7A7B-45D3-4A5D-ABF0-DD698461B0C6}.Debug|Any CPU.Build.0 = Debug|Any CPU
		{4E9E7A7B-45D3-4A5D-ABF0-DD698461B0C6}.Release|Any CPU.ActiveCfg = Release|Any CPU
		{4E9E7A7B-45D3-4A5D-ABF0-DD698461B0C6}.Release|Any CPU.Build.0 = Release|Any CPU
		{1DAAB28B-F107-4933-9BCA-BFE9D34E1B93}.Debug|Any CPU.ActiveCfg = Debug|Any CPU
		{1DAAB28B-F107-4933-9BCA-BFE9D34E1B93}.Debug|Any CPU.Build.0 = Debug|Any CPU
		{1DAAB28B-F107-4933-9BCA-BFE9D34E1B93}.Release|Any CPU.ActiveCfg = Release|Any CPU
		{1DAAB28B-F107-4933-9BCA-BFE9D34E1B93}.Release|Any CPU.Build.0 = Release|Any CPU
		{12C2A76A-CD4F-44FC-9A1F-99CF970D42CC}.Debug|Any CPU.ActiveCfg = Debug|Any CPU
		{12C2A76A-CD4F-44FC-9A1F-99CF970D42CC}.Debug|Any CPU.Build.0 = Debug|Any CPU
		{12C2A76A-CD4F-44FC-9A1F-99CF970D42CC}.Release|Any CPU.ActiveCfg = Release|Any CPU
		{12C2A76A-CD4F-44FC-9A1F-99CF970D42CC}.Release|Any CPU.Build.0 = Release|Any CPU
	EndGlobalSection
	GlobalSection(SolutionProperties) = preSolution
		HideSolutionNode = FALSE
	EndGlobalSection
	GlobalSection(NestedProjects) = preSolution
		{806E2A6D-B00C-4AFB-9671-F96D6848FB83} = {A78A2CCB-F8FE-46AC-A31C-B38725136BCF}
		{7104D51E-95FB-4799-B5E2-D0587EC3E485} = {A78A2CCB-F8FE-46AC-A31C-B38725136BCF}
		{26ED7CD2-D784-4B62-9E5E-0EE7227C7BA3} = {A78A2CCB-F8FE-46AC-A31C-B38725136BCF}
		{AE53B1BA-05C7-4BD0-BE9C-321CDA4E516D} = {26ED7CD2-D784-4B62-9E5E-0EE7227C7BA3}
		{1D9AAA36-37E3-4408-8515-E1FB0ABC502A} = {26ED7CD2-D784-4B62-9E5E-0EE7227C7BA3}
		{90953447-47BC-4600-B637-1CCC869EEFE3} = {26ED7CD2-D784-4B62-9E5E-0EE7227C7BA3}
		{06A8A7C2-537D-4124-9273-F25A44072DEC} = {26ED7CD2-D784-4B62-9E5E-0EE7227C7BA3}
		{294D74F9-969E-4B3E-B8D2-CA3FB9DCFA04} = {806E2A6D-B00C-4AFB-9671-F96D6848FB83}
		{8C6706AC-1406-45A3-BF64-B6B3D1BB29BD} = {294D74F9-969E-4B3E-B8D2-CA3FB9DCFA04}
		{649F1F57-0DD7-40E9-8D1C-3236BE1C1117} = {294D74F9-969E-4B3E-B8D2-CA3FB9DCFA04}
		{0D25DAA2-4B4B-4ECD-B9E4-9A189F15A1BC} = {294D74F9-969E-4B3E-B8D2-CA3FB9DCFA04}
		{197D9BF0-7444-4FC4-9CCE-3F8FAFA2539D} = {7104D51E-95FB-4799-B5E2-D0587EC3E485}
		{5E1900EE-3D90-4B15-B202-83AEF527575A} = {197D9BF0-7444-4FC4-9CCE-3F8FAFA2539D}
		{2513739F-F562-4578-AF20-01D071EFD77B} = {806E2A6D-B00C-4AFB-9671-F96D6848FB83}
		{DEC31A34-5BB6-41B5-B876-1A5B9553B2C0} = {2513739F-F562-4578-AF20-01D071EFD77B}
		{8D5E2C21-BFCA-40DB-9B32-BCAC3D788471} = {2513739F-F562-4578-AF20-01D071EFD77B}
		{B31D18B5-7AEA-424B-88B1-D45CBFFA4589} = {2513739F-F562-4578-AF20-01D071EFD77B}
		{7E11AD79-E35C-44E2-B09A-B22A134E701D} = {7104D51E-95FB-4799-B5E2-D0587EC3E485}
		{9E42DA79-55BF-46F9-A710-097BE0BC5BD9} = {7E11AD79-E35C-44E2-B09A-B22A134E701D}
		{4400A064-9771-43BC-8CC3-87F4AC3D72B2} = {7104D51E-95FB-4799-B5E2-D0587EC3E485}
		{4E9E7A7B-45D3-4A5D-ABF0-DD698461B0C6} = {4400A064-9771-43BC-8CC3-87F4AC3D72B2}
		{0CF604D3-A89A-40BC-8E2E-99001AE2EBA7} = {7104D51E-95FB-4799-B5E2-D0587EC3E485}
		{12C2A76A-CD4F-44FC-9A1F-99CF970D42CC} = {0CF604D3-A89A-40BC-8E2E-99001AE2EBA7}
	EndGlobalSection
	GlobalSection(ExtensibilityGlobals) = postSolution
		SolutionGuid = {80260F81-A5B4-4306-B500-7EAE6324FF65}
	EndGlobalSection
EndGlobal
